
Microsoft Visual Studio Solution File, Format Version 12.00
# Visual Studio Version 16
VisualStudioVersion = 16.0.29613.14
MinimumVisualStudioVersion = 10.0.40219.1
Project("{9A19103F-16F7-4668-BE54-9A1E7A4F7556}") = "02.RecursiveFactorial", "02.RecursiveFactorial\02.RecursiveFactorial.csproj", "{072AEE4B-51DF-4AA7-9029-EA9F4B74A5B0}"
EndProject
Project("{FAE04EC0-301F-11D3-BF4B-00C04F79EFBC}") = "03.RecursiveDrawing", "03.RecursiveDrawing\03.RecursiveDrawing.csproj", "{CEE6DE0D-0676-41D5-B2AF-0CDF7E4489EF}"
EndProject
Project("{FAE04EC0-301F-11D3-BF4B-00C04F79EFBC}") = "04.Generating0-1Vectors", "04.Generating0-1Vectors\04.Generating0-1Vectors.csproj", "{CA1C1706-3413-4235-B8DC-1FBD004AA136}"
EndProject
Project("{9A19103F-16F7-4668-BE54-9A1E7A4F7556}") = "01.RecursiveArraySum", "01.RecursiveArraySum\01.RecursiveArraySum.csproj", "{F2A7D1B6-4258-4BAF-9F04-7B1F5BA2BDAE}"
EndProject
Global
	GlobalSection(SolutionConfigurationPlatforms) = preSolution
		Debug|Any CPU = Debug|Any CPU
		Release|Any CPU = Release|Any CPU
	EndGlobalSection
	GlobalSection(ProjectConfigurationPlatforms) = postSolution
		{072AEE4B-51DF-4AA7-9029-EA9F4B74A5B0}.Debug|Any CPU.ActiveCfg = Debug|Any CPU
		{072AEE4B-51DF-4AA7-9029-EA9F4B74A5B0}.Debug|Any CPU.Build.0 = Debug|Any CPU
		{072AEE4B-51DF-4AA7-9029-EA9F4B74A5B0}.Release|Any CPU.ActiveCfg = Release|Any CPU
		{072AEE4B-51DF-4AA7-9029-EA9F4B74A5B0}.Release|Any CPU.Build.0 = Release|Any CPU
		{CEE6DE0D-0676-41D5-B2AF-0CDF7E4489EF}.Debug|Any CPU.ActiveCfg = Debug|Any CPU
		{CEE6DE0D-0676-41D5-B2AF-0CDF7E4489EF}.Debug|Any CPU.Build.0 = Debug|Any CPU
		{CEE6DE0D-0676-41D5-B2AF-0CDF7E4489EF}.Release|Any CPU.ActiveCfg = Release|Any CPU
		{CEE6DE0D-0676-41D5-B2AF-0CDF7E4489EF}.Release|Any CPU.Build.0 = Release|Any CPU
		{CA1C1706-3413-4235-B8DC-1FBD004AA136}.Debug|Any CPU.ActiveCfg = Debug|Any CPU
		{CA1C1706-3413-4235-B8DC-1FBD004AA136}.Debug|Any CPU.Build.0 = Debug|Any CPU
		{CA1C1706-3413-4235-B8DC-1FBD004AA136}.Release|Any CPU.ActiveCfg = Release|Any CPU
		{CA1C1706-3413-4235-B8DC-1FBD004AA136}.Release|Any CPU.Build.0 = Release|Any CPU
		{F2A7D1B6-4258-4BAF-9F04-7B1F5BA2BDAE}.Debug|Any CPU.ActiveCfg = Debug|Any CPU
		{F2A7D1B6-4258-4BAF-9F04-7B1F5BA2BDAE}.Debug|Any CPU.Build.0 = Debug|Any CPU
		{F2A7D1B6-4258-4BAF-9F04-7B1F5BA2BDAE}.Release|Any CPU.ActiveCfg = Release|Any CPU
		{F2A7D1B6-4258-4BAF-9F04-7B1F5BA2BDAE}.Release|Any CPU.Build.0 = Release|Any CPU
	EndGlobalSection
	GlobalSection(SolutionProperties) = preSolution
		HideSolutionNode = FALSE
	EndGlobalSection
	GlobalSection(ExtensibilityGlobals) = postSolution
		SolutionGuid = {2C4436DA-351A-43F6-8C10-ED792F26A486}
	EndGlobalSection
EndGlobal
