
Microsoft Visual Studio Solution File, Format Version 12.00
# Visual Studio 15
VisualStudioVersion = 15.0.27130.2010
MinimumVisualStudioVersion = 10.0.40219.1
Project("{9A19103F-16F7-4668-BE54-9A1E7A4F7556}") = "P01_HospitalDatabase", "P01_HospitalDatabase\P01_HospitalDatabase.csproj", "{495F0C86-D5F1-4344-B2B2-A63AA890FAFF}"
EndProject
Project("{9A19103F-16F7-4668-BE54-9A1E7A4F7556}") = "HospitalStartUp", "HospitalStartUp\HospitalStartUp.csproj", "{3390D856-B777-40FE-B704-BC1055AA64B1}"
EndProject
Project("{9A19103F-16F7-4668-BE54-9A1E7A4F7556}") = "HospitalDatabaseInitializer", "HospitalDatabaseInitializer\HospitalDatabaseInitializer.csproj", "{10027161-78B4-4413-91F9-5F21CD85113B}"
EndProject
Project("{9A19103F-16F7-4668-BE54-9A1E7A4F7556}") = "P03_SalesDatabase", "P03_SalesDatabase\P03_SalesDatabase.csproj", "{761947E0-130C-4A2A-8410-C1479A4A1023}"
EndProject
Global
	GlobalSection(SolutionConfigurationPlatforms) = preSolution
		Debug|Any CPU = Debug|Any CPU
		Release|Any CPU = Release|Any CPU
	EndGlobalSection
	GlobalSection(ProjectConfigurationPlatforms) = postSolution
		{495F0C86-D5F1-4344-B2B2-A63AA890FAFF}.Debug|Any CPU.ActiveCfg = Debug|Any CPU
		{495F0C86-D5F1-4344-B2B2-A63AA890FAFF}.Debug|Any CPU.Build.0 = Debug|Any CPU
		{495F0C86-D5F1-4344-B2B2-A63AA890FAFF}.Release|Any CPU.ActiveCfg = Release|Any CPU
		{495F0C86-D5F1-4344-B2B2-A63AA890FAFF}.Release|Any CPU.Build.0 = Release|Any CPU
		{3390D856-B777-40FE-B704-BC1055AA64B1}.Debug|Any CPU.ActiveCfg = Debug|Any CPU
		{3390D856-B777-40FE-B704-BC1055AA64B1}.Debug|Any CPU.Build.0 = Debug|Any CPU
		{3390D856-B777-40FE-B704-BC1055AA64B1}.Release|Any CPU.ActiveCfg = Release|Any CPU
		{3390D856-B777-40FE-B704-BC1055AA64B1}.Release|Any CPU.Build.0 = Release|Any CPU
		{10027161-78B4-4413-91F9-5F21CD85113B}.Debug|Any CPU.ActiveCfg = Debug|Any CPU
		{10027161-78B4-4413-91F9-5F21CD85113B}.Debug|Any CPU.Build.0 = Debug|Any CPU
		{10027161-78B4-4413-91F9-5F21CD85113B}.Release|Any CPU.ActiveCfg = Release|Any CPU
		{10027161-78B4-4413-91F9-5F21CD85113B}.Release|Any CPU.Build.0 = Release|Any CPU
		{761947E0-130C-4A2A-8410-C1479A4A1023}.Debug|Any CPU.ActiveCfg = Debug|Any CPU
		{761947E0-130C-4A2A-8410-C1479A4A1023}.Debug|Any CPU.Build.0 = Debug|Any CPU
		{761947E0-130C-4A2A-8410-C1479A4A1023}.Release|Any CPU.ActiveCfg = Release|Any CPU
		{761947E0-130C-4A2A-8410-C1479A4A1023}.Release|Any CPU.Build.0 = Release|Any CPU
	EndGlobalSection
	GlobalSection(SolutionProperties) = preSolution
		HideSolutionNode = FALSE
	EndGlobalSection
	GlobalSection(ExtensibilityGlobals) = postSolution
		SolutionGuid = {632D766E-DD9D-4413-97C4-7E6066BA27B3}
	EndGlobalSection
EndGlobal
