
Microsoft Visual Studio Solution File, Format Version 12.00
# Visual Studio 15
VisualStudioVersion = 15.0.27004.2010
MinimumVisualStudioVersion = 10.0.40219.1
Project("{9A19103F-16F7-4668-BE54-9A1E7A4F7556}") = "TeamBuilder.Data", "..\Workshop\TeamBuilder.Data\TeamBuilder.Data.csproj", "{75853E1C-EADD-4BA7-8DCC-5ED492220C70}"
EndProject
Project("{9A19103F-16F7-4668-BE54-9A1E7A4F7556}") = "TeamBuilder.Models", "..\Workshop\TeamBuilder.Models\TeamBuilder.Models.csproj", "{4A2648F1-E085-4601-9037-BCFE11DFDF30}"
EndProject
Project("{9A19103F-16F7-4668-BE54-9A1E7A4F7556}") = "TeamBuilder.App", "..\Workshop\TeamBuilder.App\TeamBuilder.App.csproj", "{5D512B96-8AF0-43C5-9E30-D4FD007C24B6}"
EndProject
Global
	GlobalSection(SolutionConfigurationPlatforms) = preSolution
		Debug|Any CPU = Debug|Any CPU
		Release|Any CPU = Release|Any CPU
	EndGlobalSection
	GlobalSection(ProjectConfigurationPlatforms) = postSolution
		{75853E1C-EADD-4BA7-8DCC-5ED492220C70}.Debug|Any CPU.ActiveCfg = Debug|Any CPU
		{75853E1C-EADD-4BA7-8DCC-5ED492220C70}.Debug|Any CPU.Build.0 = Debug|Any CPU
		{75853E1C-EADD-4BA7-8DCC-5ED492220C70}.Release|Any CPU.ActiveCfg = Release|Any CPU
		{75853E1C-EADD-4BA7-8DCC-5ED492220C70}.Release|Any CPU.Build.0 = Release|Any CPU
		{4A2648F1-E085-4601-9037-BCFE11DFDF30}.Debug|Any CPU.ActiveCfg = Debug|Any CPU
		{4A2648F1-E085-4601-9037-BCFE11DFDF30}.Debug|Any CPU.Build.0 = Debug|Any CPU
		{4A2648F1-E085-4601-9037-BCFE11DFDF30}.Release|Any CPU.ActiveCfg = Release|Any CPU
		{4A2648F1-E085-4601-9037-BCFE11DFDF30}.Release|Any CPU.Build.0 = Release|Any CPU
		{5D512B96-8AF0-43C5-9E30-D4FD007C24B6}.Debug|Any CPU.ActiveCfg = Debug|Any CPU
		{5D512B96-8AF0-43C5-9E30-D4FD007C24B6}.Debug|Any CPU.Build.0 = Debug|Any CPU
		{5D512B96-8AF0-43C5-9E30-D4FD007C24B6}.Release|Any CPU.ActiveCfg = Release|Any CPU
		{5D512B96-8AF0-43C5-9E30-D4FD007C24B6}.Release|Any CPU.Build.0 = Release|Any CPU
	EndGlobalSection
	GlobalSection(SolutionProperties) = preSolution
		HideSolutionNode = FALSE
	EndGlobalSection
	GlobalSection(ExtensibilityGlobals) = postSolution
		SolutionGuid = {601AD3CB-5803-43BC-87C1-7FFF28E49E60}
	EndGlobalSection
EndGlobal
