
Microsoft Visual Studio Solution File, Format Version 12.00
# Visual Studio 15
VisualStudioVersion = 15.0.26430.14
MinimumVisualStudioVersion = 10.0.40219.1
Project("{FAE04EC0-301F-11D3-BF4B-00C04F79EFBC}") = "Shapes", "Shapes\Shapes.csproj", "{487C6197-64FE-4E15-8395-AC435060FE6D}"
EndProject
Project("{FAE04EC0-301F-11D3-BF4B-00C04F79EFBC}") = "Cars", "Cars\Cars.csproj", "{3D75D985-50CB-409E-AF13-DC2DB4333609}"
EndProject
Global
	GlobalSection(SolutionConfigurationPlatforms) = preSolution
		Debug|Any CPU = Debug|Any CPU
		Release|Any CPU = Release|Any CPU
	EndGlobalSection
	GlobalSection(ProjectConfigurationPlatforms) = postSolution
		{487C6197-64FE-4E15-8395-AC435060FE6D}.Debug|Any CPU.ActiveCfg = Debug|Any CPU
		{487C6197-64FE-4E15-8395-AC435060FE6D}.Debug|Any CPU.Build.0 = Debug|Any CPU
		{487C6197-64FE-4E15-8395-AC435060FE6D}.Release|Any CPU.ActiveCfg = Release|Any CPU
		{487C6197-64FE-4E15-8395-AC435060FE6D}.Release|Any CPU.Build.0 = Release|Any CPU
		{3D75D985-50CB-409E-AF13-DC2DB4333609}.Debug|Any CPU.ActiveCfg = Debug|Any CPU
		{3D75D985-50CB-409E-AF13-DC2DB4333609}.Debug|Any CPU.Build.0 = Debug|Any CPU
		{3D75D985-50CB-409E-AF13-DC2DB4333609}.Release|Any CPU.ActiveCfg = Release|Any CPU
		{3D75D985-50CB-409E-AF13-DC2DB4333609}.Release|Any CPU.Build.0 = Release|Any CPU
	EndGlobalSection
	GlobalSection(SolutionProperties) = preSolution
		HideSolutionNode = FALSE
	EndGlobalSection
EndGlobal
