
Microsoft Visual Studio Solution File, Format Version 12.00
# Visual Studio 15
VisualStudioVersion = 15.0.27703.2042
MinimumVisualStudioVersion = 10.0.40219.1
Project("{9A19103F-16F7-4668-BE54-9A1E7A4F7556}") = "BookLibrary.Web", "BookLibrary.Web\BookLibrary.Web.csproj", "{F9CAE334-F21E-4BF9-9841-BE7F39DC2D82}"
EndProject
Project("{9A19103F-16F7-4668-BE54-9A1E7A4F7556}") = "BookLibrary.Models", "BookLibrary.Models\BookLibrary.Models.csproj", "{0282EC26-C6AA-4D37-95A7-A6C0FEB7B826}"
EndProject
Project("{9A19103F-16F7-4668-BE54-9A1E7A4F7556}") = "BookLibrary.Data", "BookLibrary.Data\BookLibrary.Data.csproj", "{22B8323F-A859-491E-B4E0-125AF5CCD43F}"
EndProject
Global
	GlobalSection(SolutionConfigurationPlatforms) = preSolution
		Debug|Any CPU = Debug|Any CPU
		Release|Any CPU = Release|Any CPU
	EndGlobalSection
	GlobalSection(ProjectConfigurationPlatforms) = postSolution
		{F9CAE334-F21E-4BF9-9841-BE7F39DC2D82}.Debug|Any CPU.ActiveCfg = Debug|Any CPU
		{F9CAE334-F21E-4BF9-9841-BE7F39DC2D82}.Debug|Any CPU.Build.0 = Debug|Any CPU
		{F9CAE334-F21E-4BF9-9841-BE7F39DC2D82}.Release|Any CPU.ActiveCfg = Release|Any CPU
		{F9CAE334-F21E-4BF9-9841-BE7F39DC2D82}.Release|Any CPU.Build.0 = Release|Any CPU
		{0282EC26-C6AA-4D37-95A7-A6C0FEB7B826}.Debug|Any CPU.ActiveCfg = Debug|Any CPU
		{0282EC26-C6AA-4D37-95A7-A6C0FEB7B826}.Debug|Any CPU.Build.0 = Debug|Any CPU
		{0282EC26-C6AA-4D37-95A7-A6C0FEB7B826}.Release|Any CPU.ActiveCfg = Release|Any CPU
		{0282EC26-C6AA-4D37-95A7-A6C0FEB7B826}.Release|Any CPU.Build.0 = Release|Any CPU
		{22B8323F-A859-491E-B4E0-125AF5CCD43F}.Debug|Any CPU.ActiveCfg = Debug|Any CPU
		{22B8323F-A859-491E-B4E0-125AF5CCD43F}.Debug|Any CPU.Build.0 = Debug|Any CPU
		{22B8323F-A859-491E-B4E0-125AF5CCD43F}.Release|Any CPU.ActiveCfg = Release|Any CPU
		{22B8323F-A859-491E-B4E0-125AF5CCD43F}.Release|Any CPU.Build.0 = Release|Any CPU
	EndGlobalSection
	GlobalSection(SolutionProperties) = preSolution
		HideSolutionNode = FALSE
	EndGlobalSection
	GlobalSection(ExtensibilityGlobals) = postSolution
		SolutionGuid = {B008A951-DEFC-4460-B7F4-23438972831E}
	EndGlobalSection
EndGlobal
