
Microsoft Visual Studio Solution File, Format Version 12.00
# Visual Studio 15
VisualStudioVersion = 15.0.27004.2010
MinimumVisualStudioVersion = 10.0.40219.1
Project("{9A19103F-16F7-4668-BE54-9A1E7A4F7556}") = "Stations.App", "Stations.App.csproj", "{C858BE71-8577-49EC-9727-E37E183CD5E1}"
EndProject
Project("{9A19103F-16F7-4668-BE54-9A1E7A4F7556}") = "Stations.Data", "..\Stations.Data\Stations.Data.csproj", "{EFD5E3EB-4BD9-478B-83A7-3DB359B61633}"
EndProject
Project("{9A19103F-16F7-4668-BE54-9A1E7A4F7556}") = "Stations.DataProcessor", "..\Stations.DataProcessor\Stations.DataProcessor.csproj", "{DC4A3BDA-51AF-48FB-955F-F889C2DBA81B}"
EndProject
Project("{9A19103F-16F7-4668-BE54-9A1E7A4F7556}") = "Stations.Models", "..\Stations.Models\Stations.Models.csproj", "{96818CB0-82EB-4D69-B97E-261CD8089917}"
EndProject
Global
	GlobalSection(SolutionConfigurationPlatforms) = preSolution
		Debug|Any CPU = Debug|Any CPU
		Release|Any CPU = Release|Any CPU
	EndGlobalSection
	GlobalSection(ProjectConfigurationPlatforms) = postSolution
		{C858BE71-8577-49EC-9727-E37E183CD5E1}.Debug|Any CPU.ActiveCfg = Debug|Any CPU
		{C858BE71-8577-49EC-9727-E37E183CD5E1}.Debug|Any CPU.Build.0 = Debug|Any CPU
		{C858BE71-8577-49EC-9727-E37E183CD5E1}.Release|Any CPU.ActiveCfg = Release|Any CPU
		{C858BE71-8577-49EC-9727-E37E183CD5E1}.Release|Any CPU.Build.0 = Release|Any CPU
		{EFD5E3EB-4BD9-478B-83A7-3DB359B61633}.Debug|Any CPU.ActiveCfg = Debug|Any CPU
		{EFD5E3EB-4BD9-478B-83A7-3DB359B61633}.Debug|Any CPU.Build.0 = Debug|Any CPU
		{EFD5E3EB-4BD9-478B-83A7-3DB359B61633}.Release|Any CPU.ActiveCfg = Release|Any CPU
		{EFD5E3EB-4BD9-478B-83A7-3DB359B61633}.Release|Any CPU.Build.0 = Release|Any CPU
		{DC4A3BDA-51AF-48FB-955F-F889C2DBA81B}.Debug|Any CPU.ActiveCfg = Debug|Any CPU
		{DC4A3BDA-51AF-48FB-955F-F889C2DBA81B}.Debug|Any CPU.Build.0 = Debug|Any CPU
		{DC4A3BDA-51AF-48FB-955F-F889C2DBA81B}.Release|Any CPU.ActiveCfg = Release|Any CPU
		{DC4A3BDA-51AF-48FB-955F-F889C2DBA81B}.Release|Any CPU.Build.0 = Release|Any CPU
		{96818CB0-82EB-4D69-B97E-261CD8089917}.Debug|Any CPU.ActiveCfg = Debug|Any CPU
		{96818CB0-82EB-4D69-B97E-261CD8089917}.Debug|Any CPU.Build.0 = Debug|Any CPU
		{96818CB0-82EB-4D69-B97E-261CD8089917}.Release|Any CPU.ActiveCfg = Release|Any CPU
		{96818CB0-82EB-4D69-B97E-261CD8089917}.Release|Any CPU.Build.0 = Release|Any CPU
	EndGlobalSection
	GlobalSection(SolutionProperties) = preSolution
		HideSolutionNode = FALSE
	EndGlobalSection
	GlobalSection(ExtensibilityGlobals) = postSolution
		SolutionGuid = {F3AD659D-A7E1-4725-9D05-EE9370C53E60}
	EndGlobalSection
EndGlobal
